
Microsoft Visual Studio Solution File, Format Version 12.00
# Visual Studio Version 16
VisualStudioVersion = 16.0.30523.141
MinimumVisualStudioVersion = 10.0.40219.1
Project("{FAE04EC0-301F-11D3-BF4B-00C04F79EFBC}") = "LinkedList", "LinkedList\LinkedList.csproj", "{8FA7AF07-272B-455E-9ADA-0740B8570CBE}"
EndProject
Global
	GlobalSection(SolutionConfigurationPlatforms) = preSolution
		Debug|Any CPU = Debug|Any CPU
		Release|Any CPU = Release|Any CPU
	EndGlobalSection
	GlobalSection(ProjectConfigurationPlatforms) = postSolution
		{8FA7AF07-272B-455E-9ADA-0740B8570CBE}.Debug|Any CPU.ActiveCfg = Debug|Any CPU
		{8FA7AF07-272B-455E-9ADA-0740B8570CBE}.Debug|Any CPU.Build.0 = Debug|Any CPU
		{8FA7AF07-272B-455E-9ADA-0740B8570CBE}.Release|Any CPU.ActiveCfg = Release|Any CPU
		{8FA7AF07-272B-455E-9ADA-0740B8570CBE}.Release|Any CPU.Build.0 = Release|Any CPU
	EndGlobalSection
	GlobalSection(SolutionProperties) = preSolution
		HideSolutionNode = FALSE
	EndGlobalSection
	GlobalSection(ExtensibilityGlobals) = postSolution
		SolutionGuid = {24C51CC2-78FC-4376-B74F-A00B20980E5C}
	EndGlobalSection
EndGlobal
