
Microsoft Visual Studio Solution File, Format Version 12.00
# Visual Studio Version 16
VisualStudioVersion = 16.0.30523.141
MinimumVisualStudioVersion = 10.0.40219.1
Project("{FAE04EC0-301F-11D3-BF4B-00C04F79EFBC}") = "LibraryNetwork", "LibraryNetwork\LibraryNetwork.csproj", "{68B97CB4-B8C2-40CE-B859-7E3176897A39}"
EndProject
Global
	GlobalSection(SolutionConfigurationPlatforms) = preSolution
		Debug|Any CPU = Debug|Any CPU
		Release|Any CPU = Release|Any CPU
	EndGlobalSection
	GlobalSection(ProjectConfigurationPlatforms) = postSolution
		{68B97CB4-B8C2-40CE-B859-7E3176897A39}.Debug|Any CPU.ActiveCfg = Debug|Any CPU
		{68B97CB4-B8C2-40CE-B859-7E3176897A39}.Debug|Any CPU.Build.0 = Debug|Any CPU
		{68B97CB4-B8C2-40CE-B859-7E3176897A39}.Release|Any CPU.ActiveCfg = Release|Any CPU
		{68B97CB4-B8C2-40CE-B859-7E3176897A39}.Release|Any CPU.Build.0 = Release|Any CPU
	EndGlobalSection
	GlobalSection(SolutionProperties) = preSolution
		HideSolutionNode = FALSE
	EndGlobalSection
	GlobalSection(ExtensibilityGlobals) = postSolution
		SolutionGuid = {6D1C284B-505C-43C4-90D6-2804E769546C}
	EndGlobalSection
EndGlobal
