
Microsoft Visual Studio Solution File, Format Version 12.00
# Visual Studio Version 16
VisualStudioVersion = 16.0.30907.101
MinimumVisualStudioVersion = 10.0.40219.1
Project("{FAE04EC0-301F-11D3-BF4B-00C04F79EFBC}") = "TennisWithFiniteAutomata", "TennisWithFiniteAutomata\TennisWithFiniteAutomata.csproj", "{5A8536DE-8C98-410E-B0C0-0CD09C2765C7}"
EndProject
Global
	GlobalSection(SolutionConfigurationPlatforms) = preSolution
		Debug|Any CPU = Debug|Any CPU
		Release|Any CPU = Release|Any CPU
	EndGlobalSection
	GlobalSection(ProjectConfigurationPlatforms) = postSolution
		{5A8536DE-8C98-410E-B0C0-0CD09C2765C7}.Debug|Any CPU.ActiveCfg = Debug|Any CPU
		{5A8536DE-8C98-410E-B0C0-0CD09C2765C7}.Debug|Any CPU.Build.0 = Debug|Any CPU
		{5A8536DE-8C98-410E-B0C0-0CD09C2765C7}.Release|Any CPU.ActiveCfg = Release|Any CPU
		{5A8536DE-8C98-410E-B0C0-0CD09C2765C7}.Release|Any CPU.Build.0 = Release|Any CPU
	EndGlobalSection
	GlobalSection(SolutionProperties) = preSolution
		HideSolutionNode = FALSE
	EndGlobalSection
	GlobalSection(ExtensibilityGlobals) = postSolution
		SolutionGuid = {7D6E6813-71FE-4541-958E-528D63E1E6BD}
	EndGlobalSection
EndGlobal
