
Microsoft Visual Studio Solution File, Format Version 12.00
# Visual Studio Version 16
VisualStudioVersion = 16.0.30907.101
MinimumVisualStudioVersion = 10.0.40219.1
Project("{FAE04EC0-301F-11D3-BF4B-00C04F79EFBC}") = "AbstractFactory", "AbstractFactory\AbstractFactory.csproj", "{F0DFFF55-F956-4679-BCC2-14D8E301901D}"
EndProject
Global
	GlobalSection(SolutionConfigurationPlatforms) = preSolution
		Debug|Any CPU = Debug|Any CPU
		Release|Any CPU = Release|Any CPU
	EndGlobalSection
	GlobalSection(ProjectConfigurationPlatforms) = postSolution
		{F0DFFF55-F956-4679-BCC2-14D8E301901D}.Debug|Any CPU.ActiveCfg = Debug|Any CPU
		{F0DFFF55-F956-4679-BCC2-14D8E301901D}.Debug|Any CPU.Build.0 = Debug|Any CPU
		{F0DFFF55-F956-4679-BCC2-14D8E301901D}.Release|Any CPU.ActiveCfg = Release|Any CPU
		{F0DFFF55-F956-4679-BCC2-14D8E301901D}.Release|Any CPU.Build.0 = Release|Any CPU
	EndGlobalSection
	GlobalSection(SolutionProperties) = preSolution
		HideSolutionNode = FALSE
	EndGlobalSection
	GlobalSection(ExtensibilityGlobals) = postSolution
		SolutionGuid = {4D6E39D9-4B13-41C8-A452-F07701C6FE4D}
	EndGlobalSection
EndGlobal
