
Microsoft Visual Studio Solution File, Format Version 12.00
# Visual Studio Version 16
VisualStudioVersion = 16.0.31205.134
MinimumVisualStudioVersion = 10.0.40219.1
Project("{FAE04EC0-301F-11D3-BF4B-00C04F79EFBC}") = "LibraryManagement", "LibraryManagement\LibraryManagement.csproj", "{211013D7-66A1-4A27-A622-EF8B8C755851}"
EndProject
Global
	GlobalSection(SolutionConfigurationPlatforms) = preSolution
		Debug|Any CPU = Debug|Any CPU
		Release|Any CPU = Release|Any CPU
	EndGlobalSection
	GlobalSection(ProjectConfigurationPlatforms) = postSolution
		{211013D7-66A1-4A27-A622-EF8B8C755851}.Debug|Any CPU.ActiveCfg = Debug|Any CPU
		{211013D7-66A1-4A27-A622-EF8B8C755851}.Debug|Any CPU.Build.0 = Debug|Any CPU
		{211013D7-66A1-4A27-A622-EF8B8C755851}.Release|Any CPU.ActiveCfg = Release|Any CPU
		{211013D7-66A1-4A27-A622-EF8B8C755851}.Release|Any CPU.Build.0 = Release|Any CPU
	EndGlobalSection
	GlobalSection(SolutionProperties) = preSolution
		HideSolutionNode = FALSE
	EndGlobalSection
	GlobalSection(ExtensibilityGlobals) = postSolution
		SolutionGuid = {DF8DF69E-9A71-43A9-88EC-45C22B4CCCF8}
	EndGlobalSection
EndGlobal
